
Microsoft Visual Studio Solution File, Format Version 11.00
# Visual Studio 2010
Project("{FAE04EC0-301F-11D3-BF4B-00C04F79EFBC}") = "Assembly-CSharp", "Assembly-CSharp.csproj", "{210555a7-050a-3eef-50d4-c4f3e9b0bc4f}"
EndProject
Project("{FAE04EC0-301F-11D3-BF4B-00C04F79EFBC}") = "Assembly-CSharp-Editor", "Assembly-CSharp-Editor.csproj", "{05d27b60-d159-75c4-e953-5e740125b1ec}"
EndProject
Global
	GlobalSection(SolutionConfigurationPlatforms) = preSolution
		Debug|Any CPU = Debug|Any CPU
		Release|Any CPU = Release|Any CPU
	EndGlobalSection
	GlobalSection(ProjectConfigurationPlatforms) = postSolution
		{210555a7-050a-3eef-50d4-c4f3e9b0bc4f}.Debug|Any CPU.ActiveCfg = Debug|Any CPU
		{210555a7-050a-3eef-50d4-c4f3e9b0bc4f}.Debug|Any CPU.Build.0 = Debug|Any CPU
		{210555a7-050a-3eef-50d4-c4f3e9b0bc4f}.Release|Any CPU.ActiveCfg = Release|Any CPU
		{210555a7-050a-3eef-50d4-c4f3e9b0bc4f}.Release|Any CPU.Build.0 = Release|Any CPU
		{05d27b60-d159-75c4-e953-5e740125b1ec}.Debug|Any CPU.ActiveCfg = Debug|Any CPU
		{05d27b60-d159-75c4-e953-5e740125b1ec}.Debug|Any CPU.Build.0 = Debug|Any CPU
		{05d27b60-d159-75c4-e953-5e740125b1ec}.Release|Any CPU.ActiveCfg = Release|Any CPU
		{05d27b60-d159-75c4-e953-5e740125b1ec}.Release|Any CPU.Build.0 = Release|Any CPU
	EndGlobalSection
	GlobalSection(SolutionProperties) = preSolution
		HideSolutionNode = FALSE
	EndGlobalSection
EndGlobal
